// !$*UTF8*$!
{
	archiveVersion = 1;
	classes = {
	};
	objectVersion = 46;
	objects = {

/* Begin PBXBuildFile section */
		1FE44E791A266EBA002B9678 /* main.m in Sources */ = {isa = PBXBuildFile; fileRef = 1FE44E781A266EBA002B9678 /* main.m */; };
		1FE44E7C1A266EBA002B9678 /* AppDelegate.m in Sources */ = {isa = PBXBuildFile; fileRef = 1FE44E7B1A266EBA002B9678 /* AppDelegate.m */; };
		1FE44E7F1A266EBA002B9678 /* ViewController.m in Sources */ = {isa = PBXBuildFile; fileRef = 1FE44E7E1A266EBA002B9678 /* ViewController.m */; };
		1FE44E821A266EBA002B9678 /* Main.storyboard in Resources */ = {isa = PBXBuildFile; fileRef = 1FE44E801A266EBA002B9678 /* Main.storyboard */; };
		1FE44E841A266EBA002B9678 /* Images.xcassets in Resources */ = {isa = PBXBuildFile; fileRef = 1FE44E831A266EBA002B9678 /* Images.xcassets */; };
		1FE44E871A266EBA002B9678 /* LaunchScreen.xib in Resources */ = {isa = PBXBuildFile; fileRef = 1FE44E851A266EBA002B9678 /* LaunchScreen.xib */; };
		1FE44E931A266EBA002B9678 /* effectsanimationtestTests.m in Sources */ = {isa = PBXBuildFile; fileRef = 1FE44E921A266EBA002B9678 /* effectsanimationtestTests.m */; };
		1FE44E9D1A266EE9002B9678 /* Screen Shot 2014-11-26 at 2.25.48 PM.png in Resources */ = {isa = PBXBuildFile; fileRef = 1FE44E9C1A266EE9002B9678 /* Screen Shot 2014-11-26 at 2.25.48 PM.png */; };
/* End PBXBuildFile section */

/* Begin PBXContainerItemProxy section */
		1FE44E8D1A266EBA002B9678 /* PBXContainerItemProxy */ = {
			isa = PBXContainerItemProxy;
			containerPortal = 1FE44E6B1A266EBA002B9678 /* Project object */;
			proxyType = 1;
			remoteGlobalIDString = 1FE44E721A266EBA002B9678;
			remoteInfo = effectsanimationtest;
		};
/* End PBXContainerItemProxy section */

/* Begin PBXFileReference section */
		1FE44E731A266EBA002B9678 /* effectsanimationtest.app */ = {isa = PBXFileReference; explicitFileType = wrapper.application; includeInIndex = 0; path = effectsanimationtest.app; sourceTree = BUILT_PRODUCTS_DIR; };
		1FE44E771A266EBA002B9678 /* Info.plist */ = {isa = PBXFileReference; lastKnownFileType = text.plist.xml; path = Info.plist; sourceTree = "<group>"; };
		1FE44E781A266EBA002B9678 /* main.m */ = {isa = PBXFileReference; lastKnownFileType = sourcecode.c.objc; path = main.m; sourceTree = "<group>"; };
		1FE44E7A1A266EBA002B9678 /* AppDelegate.h */ = {isa = PBXFileReference; lastKnownFileType = sourcecode.c.h; path = AppDelegate.h; sourceTree = "<group>"; };
		1FE44E7B1A266EBA002B9678 /* AppDelegate.m */ = {isa = PBXFileReference; lastKnownFileType = sourcecode.c.objc; path = AppDelegate.m; sourceTree = "<group>"; };
		1FE44E7D1A266EBA002B9678 /* ViewController.h */ = {isa = PBXFileReference; lastKnownFileType = sourcecode.c.h; path = ViewController.h; sourceTree = "<group>"; };
		1FE44E7E1A266EBA002B9678 /* ViewController.m */ = {isa = PBXFileReference; lastKnownFileType = sourcecode.c.objc; path = ViewController.m; sourceTree = "<group>"; };
		1FE44E811A266EBA002B9678 /* Base */ = {isa = PBXFileReference; lastKnownFileType = file.storyboard; name = Base; path = Base.lproj/Main.storyboard; sourceTree = "<group>"; };
		1FE44E831A266EBA002B9678 /* Images.xcassets */ = {isa = PBXFileReference; lastKnownFileType = folder.assetcatalog; path = Images.xcassets; sourceTree = "<group>"; };
		1FE44E861A266EBA002B9678 /* Base */ = {isa = PBXFileReference; lastKnownFileType = file.xib; name = Base; path = Base.lproj/LaunchScreen.xib; sourceTree = "<group>"; };
		1FE44E8C1A266EBA002B9678 /* effectsanimationtestTests.xctest */ = {isa = PBXFileReference; explicitFileType = wrapper.cfbundle; includeInIndex = 0; path = effectsanimationtestTests.xctest; sourceTree = BUILT_PRODUCTS_DIR; };
		1FE44E911A266EBA002B9678 /* Info.plist */ = {isa = PBXFileReference; lastKnownFileType = text.plist.xml; path = Info.plist; sourceTree = "<group>"; };
		1FE44E921A266EBA002B9678 /* effectsanimationtestTests.m */ = {isa = PBXFileReference; lastKnownFileType = sourcecode.c.objc; path = effectsanimationtestTests.m; sourceTree = "<group>"; };
		1FE44E9C1A266EE9002B9678 /* Screen Shot 2014-11-26 at 2.25.48 PM.png */ = {isa = PBXFileReference; lastKnownFileType = image.png; path = "Screen Shot 2014-11-26 at 2.25.48 PM.png"; sourceTree = "<group>"; };
/* End PBXFileReference section */

/* Begin PBXFrameworksBuildPhase section */
		1FE44E701A266EBA002B9678 /* Frameworks */ = {
			isa = PBXFrameworksBuildPhase;
			buildActionMask = 2147483647;
			files = (
			);
			runOnlyForDeploymentPostprocessing = 0;
		};
		1FE44E891A266EBA002B9678 /* Frameworks */ = {
			isa = PBXFrameworksBuildPhase;
			buildActionMask = 2147483647;
			files = (
			);
			runOnlyForDeploymentPostprocessing = 0;
		};
/* End PBXFrameworksBuildPhase section */

/* Begin PBXGroup section */
		1FE44E6A1A266EBA002B9678 = {
			isa = PBXGroup;
			children = (
				1FE44E751A266EBA002B9678 /* effectsanimationtest */,
				1FE44E8F1A266EBA002B9678 /* effectsanimationtestTests */,
				1FE44E741A266EBA002B9678 /* Products */,
			);
			sourceTree = "<group>";
		};
		1FE44E741A266EBA002B9678 /* Products */ = {
			isa = PBXGroup;
			children = (
				1FE44E731A266EBA002B9678 /* effectsanimationtest.app */,
				1FE44E8C1A266EBA002B9678 /* effectsanimationtestTests.xctest */,
			);
			name = Products;
			sourceTree = "<group>";
		};
		1FE44E751A266EBA002B9678 /* effectsanimationtest */ = {
			isa = PBXGroup;
			children = (
				1FE44E9C1A266EE9002B9678 /* Screen Shot 2014-11-26 at 2.25.48 PM.png */,
				1FE44E7A1A266EBA002B9678 /* AppDelegate.h */,
				1FE44E7B1A266EBA002B9678 /* AppDelegate.m */,
				1FE44E7D1A266EBA002B9678 /* ViewController.h */,
				1FE44E7E1A266EBA002B9678 /* ViewController.m */,
				1FE44E801A266EBA002B9678 /* Main.storyboard */,
				1FE44E831A266EBA002B9678 /* Images.xcassets */,
				1FE44E851A266EBA002B9678 /* LaunchScreen.xib */,
				1FE44E761A266EBA002B9678 /* Supporting Files */,
			);
			path = effectsanimationtest;
			sourceTree = "<group>";
		};
		1FE44E761A266EBA002B9678 /* Supporting Files */ = {
			isa = PBXGroup;
			children = (
				1FE44E771A266EBA002B9678 /* Info.plist */,
				1FE44E781A266EBA002B9678 /* main.m */,
			);
			name = "Supporting Files";
			sourceTree = "<group>";
		};
		1FE44E8F1A266EBA002B9678 /* effectsanimationtestTests */ = {
			isa = PBXGroup;
			children = (
				1FE44E921A266EBA002B9678 /* effectsanimationtestTests.m */,
				1FE44E901A266EBA002B9678 /* Supporting Files */,
			);
			path = effectsanimationtestTests;
			sourceTree = "<group>";
		};
		1FE44E901A266EBA002B9678 /* Supporting Files */ = {
			isa = PBXGroup;
			children = (
				1FE44E911A266EBA002B9678 /* Info.plist */,
			);
			name = "Supporting Files";
			sourceTree = "<group>";
		};
/* End PBXGroup section */

/* Begin PBXNativeTarget section */
		1FE44E721A266EBA002B9678 /* effectsanimationtest */ = {
			isa = PBXNativeTarget;
			buildConfigurationList = 1FE44E961A266EBA002B9678 /* Build configuration list for PBXNativeTarget "effectsanimationtest" */;
			buildPhases = (
				1FE44E6F1A266EBA002B9678 /* Sources */,
				1FE44E701A266EBA002B9678 /* Frameworks */,
				1FE44E711A266EBA002B9678 /* Resources */,
			);
			buildRules = (
			);
			dependencies = (
			);
			name = effectsanimationtest;
			productName = effectsanimationtest;
			productReference = 1FE44E731A266EBA002B9678 /* effectsanimationtest.app */;
			productType = "com.apple.product-type.application";
		};
		1FE44E8B1A266EBA002B9678 /* effectsanimationtestTests */ = {
			isa = PBXNativeTarget;
			buildConfigurationList = 1FE44E991A266EBA002B9678 /* Build configuration list for PBXNativeTarget "effectsanimationtestTests" */;
			buildPhases = (
				1FE44E881A266EBA002B9678 /* Sources */,
				1FE44E891A266EBA002B9678 /* Frameworks */,
				1FE44E8A1A266EBA002B9678 /* Resources */,
			);
			buildRules = (
			);
			dependencies = (
				1FE44E8E1A266EBA002B9678 /* PBXTargetDependency */,
			);
			name = effectsanimationtestTests;
			productName = effectsanimationtestTests;
			productReference = 1FE44E8C1A266EBA002B9678 /* effectsanimationtestTests.xctest */;
			productType = "com.apple.product-type.bundle.unit-test";
		};
/* End PBXNativeTarget section */

/* Begin PBXProject section */
		1FE44E6B1A266EBA002B9678 /* Project object */ = {
			isa = PBXProject;
			attributes = {
				LastUpgradeCheck = 0610;
				ORGANIZATIONNAME = "Whole Wheat Creative";
				TargetAttributes = {
					1FE44E721A266EBA002B9678 = {
						CreatedOnToolsVersion = 6.1;
					};
					1FE44E8B1A266EBA002B9678 = {
						CreatedOnToolsVersion = 6.1;
						TestTargetID = 1FE44E721A266EBA002B9678;
					};
				};
			};
			buildConfigurationList = 1FE44E6E1A266EBA002B9678 /* Build configuration list for PBXProject "effectsanimationtest" */;
			compatibilityVersion = "Xcode 3.2";
			developmentRegion = English;
			hasScannedForEncodings = 0;
			knownRegions = (
				en,
				Base,
			);
			mainGroup = 1FE44E6A1A266EBA002B9678;
			productRefGroup = 1FE44E741A266EBA002B9678 /* Products */;
			projectDirPath = "";
			projectRoot = "";
			targets = (
				1FE44E721A266EBA002B9678 /* effectsanimationtest */,
				1FE44E8B1A266EBA002B9678 /* effectsanimationtestTests */,
			);
		};
/* End PBXProject section */

/* Begin PBXResourcesBuildPhase section */
		1FE44E711A266EBA002B9678 /* Resources */ = {
			isa = PBXResourcesBuildPhase;
			buildActionMask = 2147483647;
			files = (
				1FE44E821A266EBA002B9678 /* Main.storyboard in Resources */,
				1FE44E871A266EBA002B9678 /* LaunchScreen.xib in Resources */,
				1FE44E841A266EBA002B9678 /* Images.xcassets in Resources */,
				1FE44E9D1A266EE9002B9678 /* Screen Shot 2014-11-26 at 2.25.48 PM.png in Resources */,
			);
			runOnlyForDeploymentPostprocessing = 0;
		};
		1FE44E8A1A266EBA002B9678 /* Resources */ = {
			isa = PBXResourcesBuildPhase;
			buildActionMask = 2147483647;
			files = (
			);
			runOnlyForDeploymentPostprocessing = 0;
		};
/* End PBXResourcesBuildPhase section */

/* Begin PBXSourcesBuildPhase section */
		1FE44E6F1A266EBA002B9678 /* Sources */ = {
			isa = PBXSourcesBuildPhase;
			buildActionMask = 2147483647;
			files = (
				1FE44E7F1A266EBA002B9678 /* ViewController.m in Sources */,
				1FE44E7C1A266EBA002B9678 /* AppDelegate.m in Sources */,
				1FE44E791A266EBA002B9678 /* main.m in Sources */,
			);
			runOnlyForDeploymentPostprocessing = 0;
		};
		1FE44E881A266EBA002B9678 /* Sources */ = {
			isa = PBXSourcesBuildPhase;
			buildActionMask = 2147483647;
			files = (
				1FE44E931A266EBA002B9678 /* effectsanimationtestTests.m in Sources */,
			);
			runOnlyForDeploymentPostprocessing = 0;
		};
/* End PBXSourcesBuildPhase section */

/* Begin PBXTargetDependency section */
		1FE44E8E1A266EBA002B9678 /* PBXTargetDependency */ = {
			isa = PBXTargetDependency;
			target = 1FE44E721A266EBA002B9678 /* effectsanimationtest */;
			targetProxy = 1FE44E8D1A266EBA002B9678 /* PBXContainerItemProxy */;
		};
/* End PBXTargetDependency section */

/* Begin PBXVariantGroup section */
		1FE44E801A266EBA002B9678 /* Main.storyboard */ = {
			isa = PBXVariantGroup;
			children = (
				1FE44E811A266EBA002B9678 /* Base */,
			);
			name = Main.storyboard;
			sourceTree = "<group>";
		};
		1FE44E851A266EBA002B9678 /* LaunchScreen.xib */ = {
			isa = PBXVariantGroup;
			children = (
				1FE44E861A266EBA002B9678 /* Base */,
			);
			name = LaunchScreen.xib;
			sourceTree = "<group>";
		};
/* End PBXVariantGroup section */

/* Begin XCBuildConfiguration section */
		1FE44E941A266EBA002B9678 /* Debug */ = {
			isa = XCBuildConfiguration;
			buildSettings = {
				ALWAYS_SEARCH_USER_PATHS = NO;
				CLANG_CXX_LANGUAGE_STANDARD = "gnu++0x";
				CLANG_CXX_LIBRARY = "libc++";
				CLANG_ENABLE_MODULES = YES;
				CLANG_ENABLE_OBJC_ARC = YES;
				CLANG_WARN_BOOL_CONVERSION = YES;
				CLANG_WARN_CONSTANT_CONVERSION = YES;
				CLANG_WARN_DIRECT_OBJC_ISA_USAGE = YES_ERROR;
				CLANG_WARN_EMPTY_BODY = YES;
				CLANG_WARN_ENUM_CONVERSION = YES;
				CLANG_WARN_INT_CONVERSION = YES;
				CLANG_WARN_OBJC_ROOT_CLASS = YES_ERROR;
				CLANG_WARN_UNREACHABLE_CODE = YES;
				CLANG_WARN__DUPLICATE_METHOD_MATCH = YES;
				"CODE_SIGN_IDENTITY[sdk=iphoneos*]" = "iPhone Developer";
				COPY_PHASE_STRIP = NO;
				ENABLE_STRICT_OBJC_MSGSEND = YES;
				GCC_C_LANGUAGE_STANDARD = gnu99;
				GCC_DYNAMIC_NO_PIC = NO;
				GCC_OPTIMIZATION_LEVEL = 0;
				GCC_PREPROCESSOR_DEFINITIONS = (
					"DEBUG=1",
					"$(inherited)",
				);
				GCC_SYMBOLS_PRIVATE_EXTERN = NO;
				GCC_WARN_64_TO_32_BIT_CONVERSION = YES;
				GCC_WARN_ABOUT_RETURN_TYPE = YES_ERROR;
				GCC_WARN_UNDECLARED_SELECTOR = YES;
				GCC_WARN_UNINITIALIZED_AUTOS = YES_AGGRESSIVE;
				GCC_WARN_UNUSED_FUNCTION = YES;
				GCC_WARN_UNUSED_VARIABLE = YES;
				IPHONEOS_DEPLOYMENT_TARGET = 8.1;
				MTL_ENABLE_DEBUG_INFO = YES;
				ONLY_ACTIVE_ARCH = YES;
				SDKROOT = iphoneos;
			};
			name = Debug;
		};
		1FE44E951A266EBA002B9678 /* Release */ = {
			isa = XCBuildConfiguration;
			buildSettings = {
				ALWAYS_SEARCH_USER_PATHS = NO;
				CLANG_CXX_LANGUAGE_STANDARD = "gnu++0x";
				CLANG_CXX_LIBRARY = "libc++";
				CLANG_ENABLE_MODULES = YES;
				CLANG_ENABLE_OBJC_ARC = YES;
				CLANG_WARN_BOOL_CONVERSION = YES;
				CLANG_WARN_CONSTANT_CONVERSION = YES;
				CLANG_WARN_DIRECT_OBJC_ISA_USAGE = YES_ERROR;
				CLANG_WARN_EMPTY_BODY = YES;
				CLANG_WARN_ENUM_CONVERSION = YES;
				CLANG_WARN_INT_CONVERSION = YES;
				CLANG_WARN_OBJC_ROOT_CLASS = YES_ERROR;
				CLANG_WARN_UNREACHABLE_CODE = YES;
				CLANG_WARN__DUPLICATE_METHOD_MATCH = YES;
				"CODE_SIGN_IDENTITY[sdk=iphoneos*]" = "iPhone Developer";
				COPY_PHASE_STRIP = YES;
				ENABLE_NS_ASSERTIONS = NO;
				ENABLE_STRICT_OBJC_MSGSEND = YES;
				GCC_C_LANGUAGE_STANDARD = gnu99;
				GCC_WARN_64_TO_32_BIT_CONVERSION = YES;
				GCC_WARN_ABOUT_RETURN_TYPE = YES_ERROR;
				GCC_WARN_UNDECLARED_SELECTOR = YES;
				GCC_WARN_UNINITIALIZED_AUTOS = YES_AGGRESSIVE;
				GCC_WARN_UNUSED_FUNCTION = YES;
				GCC_WARN_UNUSED_VARIABLE = YES;
				IPHONEOS_DEPLOYMENT_TARGET = 8.1;
				MTL_ENABLE_DEBUG_INFO = NO;
				SDKROOT = iphoneos;
				VALIDATE_PRODUCT = YES;
			};
			name = Release;
		};
		1FE44E971A266EBA002B9678 /* Debug */ = {
			isa = XCBuildConfiguration;
			buildSettings = {
				ASSETCATALOG_COMPILER_APPICON_NAME = AppIcon;
				INFOPLIST_FILE = effectsanimationtest/Info.plist;
				LD_RUNPATH_SEARCH_PATHS = "$(inherited) @executable_path/Frameworks";
				PRODUCT_NAME = "$(TARGET_NAME)";
			};
			name = Debug;
		};
		1FE44E981A266EBA002B9678 /* Release */ = {
			isa = XCBuildConfiguration;
			buildSettings = {
				ASSETCATALOG_COMPILER_APPICON_NAME = AppIcon;
				INFOPLIST_FILE = effectsanimationtest/Info.plist;
				LD_RUNPATH_SEARCH_PATHS = "$(inherited) @executable_path/Frameworks";
				PRODUCT_NAME = "$(TARGET_NAME)";
			};
			name = Release;
		};
		1FE44E9A1A266EBA002B9678 /* Debug */ = {
			isa = XCBuildConfiguration;
			buildSettings = {
				BUNDLE_LOADER = "$(TEST_HOST)";
				FRAMEWORK_SEARCH_PATHS = (
					"$(SDKROOT)/Developer/Library/Frameworks",
					"$(inherited)",
				);
				GCC_PREPROCESSOR_DEFINITIONS = (
					"DEBUG=1",
					"$(inherited)",
				);
				INFOPLIST_FILE = effectsanimationtestTests/Info.plist;
				LD_RUNPATH_SEARCH_PATHS = "$(inherited) @executable_path/Frameworks @loader_path/Frameworks";
				PRODUCT_NAME = "$(TARGET_NAME)";
				TEST_HOST = "$(BUILT_PRODUCTS_DIR)/effectsanimationtest.app/effectsanimationtest";
			};
			name = Debug;
		};
		1FE44E9B1A266EBA002B9678 /* Release */ = {
			isa = XCBuildConfiguration;
			buildSettings = {
				BUNDLE_LOADER = "$(TEST_HOST)";
				FRAMEWORK_SEARCH_PATHS = (
					"$(SDKROOT)/Developer/Library/Frameworks",
					"$(inherited)",
				);
				INFOPLIST_FILE = effectsanimationtestTests/Info.plist;
				LD_RUNPATH_SEARCH_PATHS = "$(inherited) @executable_path/Frameworks @loader_path/Frameworks";
				PRODUCT_NAME = "$(TARGET_NAME)";
				TEST_HOST = "$(BUILT_PRODUCTS_DIR)/effectsanimationtest.app/effectsanimationtest";
			};
			name = Release;
		};
/* End XCBuildConfiguration section */

/* Begin XCConfigurationList section */
		1FE44E6E1A266EBA002B9678 /* Build configuration list for PBXProject "effectsanimationtest" */ = {
			isa = XCConfigurationList;
			buildConfigurations = (
				1FE44E941A266EBA002B9678 /* Debug */,
				1FE44E951A266EBA002B9678 /* Release */,
			);
			defaultConfigurationIsVisible = 0;
			defaultConfigurationName = Release;
		};
		1FE44E961A266EBA002B9678 /* Build configuration list for PBXNativeTarget "effectsanimationtest" */ = {
			isa = XCConfigurationList;
			buildConfigurations = (
				1FE44E971A266EBA002B9678 /* Debug */,
				1FE44E981A266EBA002B9678 /* Release */,
			);
			defaultConfigurationIsVisible = 0;
		};
		1FE44E991A266EBA002B9678 /* Build configuration list for PBXNativeTarget "effectsanimationtestTests" */ = {
			isa = XCConfigurationList;
			buildConfigurations = (
				1FE44E9A1A266EBA002B9678 /* Debug */,
				1FE44E9B1A266EBA002B9678 /* Release */,
			);
			defaultConfigurationIsVisible = 0;
		};
/* End XCConfigurationList section */
	};
	rootObject = 1FE44E6B1A266EBA002B9678 /* Project object */;
}
